
Microsoft Visual Studio Solution File, Format Version 12.00
# Visual Studio 2013
VisualStudioVersion = 12.0.40629.0
MinimumVisualStudioVersion = 10.0.40219.1
Project("{FAE04EC0-301F-11D3-BF4B-00C04F79EFBC}") = "OnlineSinav", "OnlineSinav\OnlineSinav.csproj", "{00A003D9-E065-47DD-96EB-0A043A1E10EC}"
EndProject
Global
	GlobalSection(SolutionConfigurationPlatforms) = preSolution
		Debug|Any CPU = Debug|Any CPU
		Release|Any CPU = Release|Any CPU
	EndGlobalSection
	GlobalSection(ProjectConfigurationPlatforms) = postSolution
		{00A003D9-E065-47DD-96EB-0A043A1E10EC}.Debug|Any CPU.ActiveCfg = Debug|Any CPU
		{00A003D9-E065-47DD-96EB-0A043A1E10EC}.Debug|Any CPU.Build.0 = Debug|Any CPU
		{00A003D9-E065-47DD-96EB-0A043A1E10EC}.Release|Any CPU.ActiveCfg = Release|Any CPU
		{00A003D9-E065-47DD-96EB-0A043A1E10EC}.Release|Any CPU.Build.0 = Release|Any CPU
	EndGlobalSection
	GlobalSection(SolutionProperties) = preSolution
		HideSolutionNode = FALSE
	EndGlobalSection
EndGlobal
